Microsoft Visual Studio Solution File, Format Version 12.00
# Visual Studio Version 17
VisualStudioVersion = 17.5.2.0
MinimumVisualStudioVersion = 10.0.40219.1
Project("{FAE04EC0-301F-11D3-BF4B-00C04F79EFBC}") = "letatelniyapparat", "letatelniyapparat.csproj", "{52E26C92-5BD4-407D-50FD-D4C485506F8A}"
EndProject
Global
	GlobalSection(SolutionConfigurationPlatforms) = preSolution
		Debug|Any CPU = Debug|Any CPU
		Release|Any CPU = Release|Any CPU
	EndGlobalSection
	GlobalSection(ProjectConfigurationPlatforms) = postSolution
		{52E26C92-5BD4-407D-50FD-D4C485506F8A}.Debug|Any CPU.ActiveCfg = Debug|Any CPU
		{52E26C92-5BD4-407D-50FD-D4C485506F8A}.Debug|Any CPU.Build.0 = Debug|Any CPU
		{52E26C92-5BD4-407D-50FD-D4C485506F8A}.Release|Any CPU.ActiveCfg = Release|Any CPU
		{52E26C92-5BD4-407D-50FD-D4C485506F8A}.Release|Any CPU.Build.0 = Release|Any CPU
	EndGlobalSection
	GlobalSection(SolutionProperties) = preSolution
		HideSolutionNode = FALSE
	EndGlobalSection
	GlobalSection(ExtensibilityGlobals) = postSolution
		SolutionGuid = {7D9EA968-516D-48AF-A536-84D4F696FA46}
	EndGlobalSection
EndGlobal
